// !$*UTF8*$!
{
	archiveVersion = 1;
	classes = {
	};
	objectVersion = 46;
	objects = {

/* Begin PBXBuildFile section */
		AF1EA3F81BA2EB01005F07A7 /* AppDelegate.swift in Sources */ = {isa = PBXBuildFile; fileRef = AF1EA3F71BA2EB01005F07A7 /* AppDelegate.swift */; };
		AF1EA3FA1BA2EB01005F07A7 /* ViewController.swift in Sources */ = {isa = PBXBuildFile; fileRef = AF1EA3F91BA2EB01005F07A7 /* ViewController.swift */; };
		AF1EA3FD1BA2EB01005F07A7 /* Main.storyboard in Resources */ = {isa = PBXBuildFile; fileRef = AF1EA3FB1BA2EB01005F07A7 /* Main.storyboard */; };
		AF1EA3FF1BA2EB01005F07A7 /* Images.xcassets in Resources */ = {isa = PBXBuildFile; fileRef = AF1EA3FE1BA2EB01005F07A7 /* Images.xcassets */; };
		AF1EA4021BA2EB01005F07A7 /* LaunchScreen.xib in Resources */ = {isa = PBXBuildFile; fileRef = AF1EA4001BA2EB01005F07A7 /* LaunchScreen.xib */; };
		AF1EA40E1BA2EB02005F07A7 /* testfdfdTests.swift in Sources */ = {isa = PBXBuildFile; fileRef = AF1EA40D1BA2EB02005F07A7 /* testfdfdTests.swift */; };
/* End PBXBuildFile section */

/* Begin PBXContainerItemProxy section */
		AF1EA4081BA2EB02005F07A7 /* PBXContainerItemProxy */ = {
			isa = PBXContainerItemProxy;
			containerPortal = AF1EA3EA1BA2EB01005F07A7 /* Project object */;
			proxyType = 1;
			remoteGlobalIDString = AF1EA3F11BA2EB01005F07A7;
			remoteInfo = testfdfd;
		};
/* End PBXContainerItemProxy section */

/* Begin PBXFileReference section */
		AF1EA3F21BA2EB01005F07A7 /* testfdfd.app */ = {isa = PBXFileReference; explicitFileType = wrapper.application; includeInIndex = 0; path = testfdfd.app; sourceTree = BUILT_PRODUCTS_DIR; };
		AF1EA3F61BA2EB01005F07A7 /* Info.plist */ = {isa = PBXFileReference; lastKnownFileType = text.plist.xml; path = Info.plist; sourceTree = "<group>"; };
		AF1EA3F71BA2EB01005F07A7 /* AppDelegate.swift */ = {isa = PBXFileReference; lastKnownFileType = sourcecode.swift; path = AppDelegate.swift; sourceTree = "<group>"; };
		AF1EA3F91BA2EB01005F07A7 /* ViewController.swift */ = {isa = PBXFileReference; lastKnownFileType = sourcecode.swift; path = ViewController.swift; sourceTree = "<group>"; };
		AF1EA3FC1BA2EB01005F07A7 /* Base */ = {isa = PBXFileReference; lastKnownFileType = file.storyboard; name = Base; path = Base.lproj/Main.storyboard; sourceTree = "<group>"; };
		AF1EA3FE1BA2EB01005F07A7 /* Images.xcassets */ = {isa = PBXFileReference; lastKnownFileType = folder.assetcatalog; path = Images.xcassets; sourceTree = "<group>"; };
		AF1EA4011BA2EB01005F07A7 /* Base */ = {isa = PBXFileReference; lastKnownFileType = file.xib; name = Base; path = Base.lproj/LaunchScreen.xib; sourceTree = "<group>"; };
		AF1EA4071BA2EB02005F07A7 /* testfdfdTests.xctest */ = {isa = PBXFileReference; explicitFileType = wrapper.cfbundle; includeInIndex = 0; path = testfdfdTests.xctest; sourceTree = BUILT_PRODUCTS_DIR; };
		AF1EA40C1BA2EB02005F07A7 /* Info.plist */ = {isa = PBXFileReference; lastKnownFileType = text.plist.xml; path = Info.plist; sourceTree = "<group>"; };
		AF1EA40D1BA2EB02005F07A7 /* testfdfdTests.swift */ = {isa = PBXFileReference; lastKnownFileType = sourcecode.swift; path = testfdfdTests.swift; sourceTree = "<group>"; };
/* End PBXFileReference section */

/* Begin PBXFrameworksBuildPhase section */
		AF1EA3EF1BA2EB01005F07A7 /* Frameworks */ = {
			isa = PBXFrameworksBuildPhase;
			buildActionMask = 2147483647;
			files = (
			);
			runOnlyForDeploymentPostprocessing = 0;
		};
		AF1EA4041BA2EB02005F07A7 /* Frameworks */ = {
			isa = PBXFrameworksBuildPhase;
			buildActionMask = 2147483647;
			files = (
			);
			runOnlyForDeploymentPostprocessing = 0;
		};
/* End PBXFrameworksBuildPhase section */

/* Begin PBXGroup section */
		AF1EA3E91BA2EB01005F07A7 = {
			isa = PBXGroup;
			children = (
				AF1EA3F41BA2EB01005F07A7 /* testfdfd */,
				AF1EA40A1BA2EB02005F07A7 /* testfdfdTests */,
				AF1EA3F31BA2EB01005F07A7 /* Products */,
			);
			sourceTree = "<group>";
		};
		AF1EA3F31BA2EB01005F07A7 /* Products */ = {
			isa = PBXGroup;
			children = (
				AF1EA3F21BA2EB01005F07A7 /* testfdfd.app */,
				AF1EA4071BA2EB02005F07A7 /* testfdfdTests.xctest */,
			);
			name = Products;
			sourceTree = "<group>";
		};
		AF1EA3F41BA2EB01005F07A7 /* testfdfd */ = {
			isa = PBXGroup;
			children = (
				AF1EA3F71BA2EB01005F07A7 /* AppDelegate.swift */,
				AF1EA3F91BA2EB01005F07A7 /* ViewController.swift */,
				AF1EA3FB1BA2EB01005F07A7 /* Main.storyboard */,
				AF1EA3FE1BA2EB01005F07A7 /* Images.xcassets */,
				AF1EA4001BA2EB01005F07A7 /* LaunchScreen.xib */,
				AF1EA3F51BA2EB01005F07A7 /* Supporting Files */,
			);
			path = testfdfd;
			sourceTree = "<group>";
		};
		AF1EA3F51BA2EB01005F07A7 /* Supporting Files */ = {
			isa = PBXGroup;
			children = (
				AF1EA3F61BA2EB01005F07A7 /* Info.plist */,
			);
			name = "Supporting Files";
			sourceTree = "<group>";
		};
		AF1EA40A1BA2EB02005F07A7 /* testfdfdTests */ = {
			isa = PBXGroup;
			children = (
				AF1EA40D1BA2EB02005F07A7 /* testfdfdTests.swift */,
				AF1EA40B1BA2EB02005F07A7 /* Supporting Files */,
			);
			path = testfdfdTests;
			sourceTree = "<group>";
		};
		AF1EA40B1BA2EB02005F07A7 /* Supporting Files */ = {
			isa = PBXGroup;
			children = (
				AF1EA40C1BA2EB02005F07A7 /* Info.plist */,
			);
			name = "Supporting Files";
			sourceTree = "<group>";
		};
/* End PBXGroup section */

/* Begin PBXNativeTarget section */
		AF1EA3F11BA2EB01005F07A7 /* testfdfd */ = {
			isa = PBXNativeTarget;
			buildConfigurationList = AF1EA4111BA2EB02005F07A7 /* Build configuration list for PBXNativeTarget "testfdfd" */;
			buildPhases = (
				AF1EA3EE1BA2EB01005F07A7 /* Sources */,
				AF1EA3EF1BA2EB01005F07A7 /* Frameworks */,
				AF1EA3F01BA2EB01005F07A7 /* Resources */,
			);
			buildRules = (
			);
			dependencies = (
			);
			name = testfdfd;
			productName = testfdfd;
			productReference = AF1EA3F21BA2EB01005F07A7 /* testfdfd.app */;
			productType = "com.apple.product-type.application";
		};
		AF1EA4061BA2EB02005F07A7 /* testfdfdTests */ = {
			isa = PBXNativeTarget;
			buildConfigurationList = AF1EA4141BA2EB02005F07A7 /* Build configuration list for PBXNativeTarget "testfdfdTests" */;
			buildPhases = (
				AF1EA4031BA2EB02005F07A7 /* Sources */,
				AF1EA4041BA2EB02005F07A7 /* Frameworks */,
				AF1EA4051BA2EB02005F07A7 /* Resources */,
			);
			buildRules = (
			);
			dependencies = (
				AF1EA4091BA2EB02005F07A7 /* PBXTargetDependency */,
			);
			name = testfdfdTests;
			productName = testfdfdTests;
			productReference = AF1EA4071BA2EB02005F07A7 /* testfdfdTests.xctest */;
			productType = "com.apple.product-type.bundle.unit-test";
		};
/* End PBXNativeTarget section */

/* Begin PBXProject section */
		AF1EA3EA1BA2EB01005F07A7 /* Project object */ = {
			isa = PBXProject;
			attributes = {
				LastUpgradeCheck = 0640;
				ORGANIZATIONNAME = "Kromyko Cruzado";
				TargetAttributes = {
					AF1EA3F11BA2EB01005F07A7 = {
						CreatedOnToolsVersion = 6.4;
					};
					AF1EA4061BA2EB02005F07A7 = {
						CreatedOnToolsVersion = 6.4;
						TestTargetID = AF1EA3F11BA2EB01005F07A7;
					};
				};
			};
			buildConfigurationList = AF1EA3ED1BA2EB01005F07A7 /* Build configuration list for PBXProject "testfdfd" */;
			compatibilityVersion = "Xcode 3.2";
			developmentRegion = English;
			hasScannedForEncodings = 0;
			knownRegions = (
				en,
				Base,
			);
			mainGroup = AF1EA3E91BA2EB01005F07A7;
			productRefGroup = AF1EA3F31BA2EB01005F07A7 /* Products */;
			projectDirPath = "";
			projectRoot = "";
			targets = (
				AF1EA3F11BA2EB01005F07A7 /* testfdfd */,
				AF1EA4061BA2EB02005F07A7 /* testfdfdTests */,
			);
		};
/* End PBXProject section */

/* Begin PBXResourcesBuildPhase section */
		AF1EA3F01BA2EB01005F07A7 /* Resources */ = {
			isa = PBXResourcesBuildPhase;
			buildActionMask = 2147483647;
			files = (
				AF1EA3FD1BA2EB01005F07A7 /* Main.storyboard in Resources */,
				AF1EA4021BA2EB01005F07A7 /* LaunchScreen.xib in Resources */,
				AF1EA3FF1BA2EB01005F07A7 /* Images.xcassets in Resources */,
			);
			runOnlyForDeploymentPostprocessing = 0;
		};
		AF1EA4051BA2EB02005F07A7 /* Resources */ = {
			isa = PBXResourcesBuildPhase;
			buildActionMask = 2147483647;
			files = (
			);
			runOnlyForDeploymentPostprocessing = 0;
		};
/* End PBXResourcesBuildPhase section */

/* Begin PBXSourcesBuildPhase section */
		AF1EA3EE1BA2EB01005F07A7 /* Sources */ = {
			isa = PBXSourcesBuildPhase;
			buildActionMask = 2147483647;
			files = (
				AF1EA3FA1BA2EB01005F07A7 /* ViewController.swift in Sources */,
				AF1EA3F81BA2EB01005F07A7 /* AppDelegate.swift in Sources */,
			);
			runOnlyForDeploymentPostprocessing = 0;
		};
		AF1EA4031BA2EB02005F07A7 /* Sources */ = {
			isa = PBXSourcesBuildPhase;
			buildActionMask = 2147483647;
			files = (
				AF1EA40E1BA2EB02005F07A7 /* testfdfdTests.swift in Sources */,
			);
			runOnlyForDeploymentPostprocessing = 0;
		};
/* End PBXSourcesBuildPhase section */

/* Begin PBXTargetDependency section */
		AF1EA4091BA2EB02005F07A7 /* PBXTargetDependency */ = {
			isa = PBXTargetDependency;
			target = AF1EA3F11BA2EB01005F07A7 /* testfdfd */;
			targetProxy = AF1EA4081BA2EB02005F07A7 /* PBXContainerItemProxy */;
		};
/* End PBXTargetDependency section */

/* Begin PBXVariantGroup section */
		AF1EA3FB1BA2EB01005F07A7 /* Main.storyboard */ = {
			isa = PBXVariantGroup;
			children = (
				AF1EA3FC1BA2EB01005F07A7 /* Base */,
			);
			name = Main.storyboard;
			sourceTree = "<group>";
		};
		AF1EA4001BA2EB01005F07A7 /* LaunchScreen.xib */ = {
			isa = PBXVariantGroup;
			children = (
				AF1EA4011BA2EB01005F07A7 /* Base */,
			);
			name = LaunchScreen.xib;
			sourceTree = "<group>";
		};
/* End PBXVariantGroup section */

/* Begin XCBuildConfiguration section */
		AF1EA40F1BA2EB02005F07A7 /* Debug */ = {
			isa = XCBuildConfiguration;
			buildSettings = {
				ALWAYS_SEARCH_USER_PATHS = NO;
				CLANG_CXX_LANGUAGE_STANDARD = "gnu++0x";
				CLANG_CXX_LIBRARY = "libc++";
				CLANG_ENABLE_MODULES = YES;
				CLANG_ENABLE_OBJC_ARC = YES;
				CLANG_WARN_BOOL_CONVERSION = YES;
				CLANG_WARN_CONSTANT_CONVERSION = YES;
				CLANG_WARN_DIRECT_OBJC_ISA_USAGE = YES_ERROR;
				CLANG_WARN_EMPTY_BODY = YES;
				CLANG_WARN_ENUM_CONVERSION = YES;
				CLANG_WARN_INT_CONVERSION = YES;
				CLANG_WARN_OBJC_ROOT_CLASS = YES_ERROR;
				CLANG_WARN_UNREACHABLE_CODE = YES;
				CLANG_WARN__DUPLICATE_METHOD_MATCH = YES;
				"CODE_SIGN_IDENTITY[sdk=iphoneos*]" = "iPhone Developer";
				COPY_PHASE_STRIP = NO;
				DEBUG_INFORMATION_FORMAT = "dwarf-with-dsym";
				ENABLE_STRICT_OBJC_MSGSEND = YES;
				GCC_C_LANGUAGE_STANDARD = gnu99;
				GCC_DYNAMIC_NO_PIC = NO;
				GCC_NO_COMMON_BLOCKS = YES;
				GCC_OPTIMIZATION_LEVEL = 0;
				GCC_PREPROCESSOR_DEFINITIONS = (
					"DEBUG=1",
					"$(inherited)",
				);
				GCC_SYMBOLS_PRIVATE_EXTERN = NO;
				GCC_WARN_64_TO_32_BIT_CONVERSION = YES;
				GCC_WARN_ABOUT_RETURN_TYPE = YES_ERROR;
				GCC_WARN_UNDECLARED_SELECTOR = YES;
				GCC_WARN_UNINITIALIZED_AUTOS = YES_AGGRESSIVE;
				GCC_WARN_UNUSED_FUNCTION = YES;
				GCC_WARN_UNUSED_VARIABLE = YES;
				IPHONEOS_DEPLOYMENT_TARGET = 8.4;
				MTL_ENABLE_DEBUG_INFO = YES;
				ONLY_ACTIVE_ARCH = YES;
				SDKROOT = iphoneos;
				SWIFT_OPTIMIZATION_LEVEL = "-Onone";
				TARGETED_DEVICE_FAMILY = "1,2";
			};
			name = Debug;
		};
		AF1EA4101BA2EB02005F07A7 /* Release */ = {
			isa = XCBuildConfiguration;
			buildSettings = {
				ALWAYS_SEARCH_USER_PATHS = NO;
				CLANG_CXX_LANGUAGE_STANDARD = "gnu++0x";
				CLANG_CXX_LIBRARY = "libc++";
				CLANG_ENABLE_MODULES = YES;
				CLANG_ENABLE_OBJC_ARC = YES;
				CLANG_WARN_BOOL_CONVERSION = YES;
				CLANG_WARN_CONSTANT_CONVERSION = YES;
				CLANG_WARN_DIRECT_OBJC_ISA_USAGE = YES_ERROR;
				CLANG_WARN_EMPTY_BODY = YES;
				CLANG_WARN_ENUM_CONVERSION = YES;
				CLANG_WARN_INT_CONVERSION = YES;
				CLANG_WARN_OBJC_ROOT_CLASS = YES_ERROR;
				CLANG_WARN_UNREACHABLE_CODE = YES;
				CLANG_WARN__DUPLICATE_METHOD_MATCH = YES;
				"CODE_SIGN_IDENTITY[sdk=iphoneos*]" = "iPhone Developer";
				COPY_PHASE_STRIP = NO;
				DEBUG_INFORMATION_FORMAT = "dwarf-with-dsym";
				ENABLE_NS_ASSERTIONS = NO;
				ENABLE_STRICT_OBJC_MSGSEND = YES;
				GCC_C_LANGUAGE_STANDARD = gnu99;
				GCC_NO_COMMON_BLOCKS = YES;
				GCC_WARN_64_TO_32_BIT_CONVERSION = YES;
				GCC_WARN_ABOUT_RETURN_TYPE = YES_ERROR;
				GCC_WARN_UNDECLARED_SELECTOR = YES;
				GCC_WARN_UNINITIALIZED_AUTOS = YES_AGGRESSIVE;
				GCC_WARN_UNUSED_FUNCTION = YES;
				GCC_WARN_UNUSED_VARIABLE = YES;
				IPHONEOS_DEPLOYMENT_TARGET = 8.4;
				MTL_ENABLE_DEBUG_INFO = NO;
				SDKROOT = iphoneos;
				TARGETED_DEVICE_FAMILY = "1,2";
				VALIDATE_PRODUCT = YES;
			};
			name = Release;
		};
		AF1EA4121BA2EB02005F07A7 /* Debug */ = {
			isa = XCBuildConfiguration;
			buildSettings = {
				ASSETCATALOG_COMPILER_APPICON_NAME = AppIcon;
				INFOPLIST_FILE = testfdfd/Info.plist;
				LD_RUNPATH_SEARCH_PATHS = "$(inherited) @executable_path/Frameworks";
				PRODUCT_NAME = "$(TARGET_NAME)";
			};
			name = Debug;
		};
		AF1EA4131BA2EB02005F07A7 /* Release */ = {
			isa = XCBuildConfiguration;
			buildSettings = {
				ASSETCATALOG_COMPILER_APPICON_NAME = AppIcon;
				INFOPLIST_FILE = testfdfd/Info.plist;
				LD_RUNPATH_SEARCH_PATHS = "$(inherited) @executable_path/Frameworks";
				PRODUCT_NAME = "$(TARGET_NAME)";
			};
			name = Release;
		};
		AF1EA4151BA2EB02005F07A7 /* Debug */ = {
			isa = XCBuildConfiguration;
			buildSettings = {
				BUNDLE_LOADER = "$(TEST_HOST)";
				FRAMEWORK_SEARCH_PATHS = (
					"$(SDKROOT)/Developer/Library/Frameworks",
					"$(inherited)",
				);
				GCC_PREPROCESSOR_DEFINITIONS = (
					"DEBUG=1",
					"$(inherited)",
				);
				INFOPLIST_FILE = testfdfdTests/Info.plist;
				LD_RUNPATH_SEARCH_PATHS = "$(inherited) @executable_path/Frameworks @loader_path/Frameworks";
				PRODUCT_NAME = "$(TARGET_NAME)";
				TEST_HOST = "$(BUILT_PRODUCTS_DIR)/testfdfd.app/testfdfd";
			};
			name = Debug;
		};
		AF1EA4161BA2EB02005F07A7 /* Release */ = {
			isa = XCBuildConfiguration;
			buildSettings = {
				BUNDLE_LOADER = "$(TEST_HOST)";
				FRAMEWORK_SEARCH_PATHS = (
					"$(SDKROOT)/Developer/Library/Frameworks",
					"$(inherited)",
				);
				INFOPLIST_FILE = testfdfdTests/Info.plist;
				LD_RUNPATH_SEARCH_PATHS = "$(inherited) @executable_path/Frameworks @loader_path/Frameworks";
				PRODUCT_NAME = "$(TARGET_NAME)";
				TEST_HOST = "$(BUILT_PRODUCTS_DIR)/testfdfd.app/testfdfd";
			};
			name = Release;
		};
/* End XCBuildConfiguration section */

/* Begin XCConfigurationList section */
		AF1EA3ED1BA2EB01005F07A7 /* Build configuration list for PBXProject "testfdfd" */ = {
			isa = XCConfigurationList;
			buildConfigurations = (
				AF1EA40F1BA2EB02005F07A7 /* Debug */,
				AF1EA4101BA2EB02005F07A7 /* Release */,
			);
			defaultConfigurationIsVisible = 0;
			defaultConfigurationName = Release;
		};
		AF1EA4111BA2EB02005F07A7 /* Build configuration list for PBXNativeTarget "testfdfd" */ = {
			isa = XCConfigurationList;
			buildConfigurations = (
				AF1EA4121BA2EB02005F07A7 /* Debug */,
				AF1EA4131BA2EB02005F07A7 /* Release */,
			);
			defaultConfigurationIsVisible = 0;
		};
		AF1EA4141BA2EB02005F07A7 /* Build configuration list for PBXNativeTarget "testfdfdTests" */ = {
			isa = XCConfigurationList;
			buildConfigurations = (
				AF1EA4151BA2EB02005F07A7 /* Debug */,
				AF1EA4161BA2EB02005F07A7 /* Release */,
			);
			defaultConfigurationIsVisible = 0;
		};
/* End XCConfigurationList section */
	};
	rootObject = AF1EA3EA1BA2EB01005F07A7 /* Project object */;
}
